
Microsoft Visual Studio Solution File, Format Version 12.00
# Visual Studio Version 17
VisualStudioVersion = 17.11.35222.181
MinimumVisualStudioVersion = 10.0.40219.1
Project("{9A19103F-16F7-4668-BE54-9A1E7A4F7556}") = "HospitalSystemAPI", "HospitalSystemAPI.csproj", "{B61B7441-A20F-45E2-BE9E-C25125F1F5A4}"
EndProject
Global
	GlobalSection(SolutionConfigurationPlatforms) = preSolution
		Debug|Any CPU = Debug|Any CPU
		Release|Any CPU = Release|Any CPU
	EndGlobalSection
	GlobalSection(ProjectConfigurationPlatforms) = postSolution
		{B61B7441-A20F-45E2-BE9E-C25125F1F5A4}.Debug|Any CPU.ActiveCfg = Debug|Any CPU
		{B61B7441-A20F-45E2-BE9E-C25125F1F5A4}.Debug|Any CPU.Build.0 = Debug|Any CPU
		{B61B7441-A20F-45E2-BE9E-C25125F1F5A4}.Release|Any CPU.ActiveCfg = Release|Any CPU
		{B61B7441-A20F-45E2-BE9E-C25125F1F5A4}.Release|Any CPU.Build.0 = Release|Any CPU
	EndGlobalSection
	GlobalSection(SolutionProperties) = preSolution
		HideSolutionNode = FALSE
	EndGlobalSection
	GlobalSection(ExtensibilityGlobals) = postSolution
		SolutionGuid = {F9D53DC0-2EC7-4AA3-87A4-AE677AD6AF62}
	EndGlobalSection
EndGlobal
